
Microsoft Visual Studio Solution File, Format Version 12.00
# Visual Studio Version 17
VisualStudioVersion = 17.14.36518.9 d17.14
MinimumVisualStudioVersion = 10.0.40219.1
Project("{FAE04EC0-301F-11D3-BF4B-00C04F79EFBC}") = "LinhKienDienTu", "LinhKienDienTu.csproj", "{3D4AEFCA-258A-4D6A-F21D-5A5EBEE8ECA1}"
EndProject
Global
	GlobalSection(SolutionConfigurationPlatforms) = preSolution
		Debug|Any CPU = Debug|Any CPU
		Release|Any CPU = Release|Any CPU
	EndGlobalSection
	GlobalSection(ProjectConfigurationPlatforms) = postSolution
		{3D4AEFCA-258A-4D6A-F21D-5A5EBEE8ECA1}.Debug|Any CPU.ActiveCfg = Debug|Any CPU
		{3D4AEFCA-258A-4D6A-F21D-5A5EBEE8ECA1}.Debug|Any CPU.Build.0 = Debug|Any CPU
		{3D4AEFCA-258A-4D6A-F21D-5A5EBEE8ECA1}.Release|Any CPU.ActiveCfg = Release|Any CPU
		{3D4AEFCA-258A-4D6A-F21D-5A5EBEE8ECA1}.Release|Any CPU.Build.0 = Release|Any CPU
	EndGlobalSection
	GlobalSection(SolutionProperties) = preSolution
		HideSolutionNode = FALSE
	EndGlobalSection
	GlobalSection(ExtensibilityGlobals) = postSolution
		SolutionGuid = {938569C9-60DE-440A-95B2-771920A70427}
	EndGlobalSection
EndGlobal
